
Microsoft Visual Studio Solution File, Format Version 12.00
# Visual Studio Version 17
VisualStudioVersion = 17.5.002.0
MinimumVisualStudioVersion = 10.0.40219.1
Project("{9A19103F-16F7-4668-BE54-9A1E7A4F7556}") = "USERS.API", "USERS.API\USERS.API.csproj", "{2357C516-8A0A-4E1D-8AD6-27E7BF1CA431}"
EndProject
Global
	GlobalSection(SolutionConfigurationPlatforms) = preSolution
		Debug|Any CPU = Debug|Any CPU
		Release|Any CPU = Release|Any CPU
	EndGlobalSection
	GlobalSection(ProjectConfigurationPlatforms) = postSolution
		{2357C516-8A0A-4E1D-8AD6-27E7BF1CA431}.Debug|Any CPU.ActiveCfg = Debug|Any CPU
		{2357C516-8A0A-4E1D-8AD6-27E7BF1CA431}.Debug|Any CPU.Build.0 = Debug|Any CPU
		{2357C516-8A0A-4E1D-8AD6-27E7BF1CA431}.Release|Any CPU.ActiveCfg = Release|Any CPU
		{2357C516-8A0A-4E1D-8AD6-27E7BF1CA431}.Release|Any CPU.Build.0 = Release|Any CPU
	EndGlobalSection
	GlobalSection(SolutionProperties) = preSolution
		HideSolutionNode = FALSE
	EndGlobalSection
	GlobalSection(ExtensibilityGlobals) = postSolution
		SolutionGuid = {585D0F28-8D2F-48F7-A72E-AD9C14FF44FE}
	EndGlobalSection
EndGlobal
